
Microsoft Visual Studio Solution File, Format Version 12.00
# Visual Studio Version 16
VisualStudioVersion = 16.0.32002.261
MinimumVisualStudioVersion = 10.0.40219.1
Project("{9A19103F-16F7-4668-BE54-9A1E7A4F7556}") = "WordLadderConsoleApplication", "WLConsoleApp\WordLadderConsoleApplication.csproj", "{FE5F153F-A3AE-4A56-87A1-3175B7294314}"
EndProject
Global
	GlobalSection(SolutionConfigurationPlatforms) = preSolution
		Debug|Any CPU = Debug|Any CPU
		Release|Any CPU = Release|Any CPU
	EndGlobalSection
	GlobalSection(ProjectConfigurationPlatforms) = postSolution
		{FE5F153F-A3AE-4A56-87A1-3175B7294314}.Debug|Any CPU.ActiveCfg = Debug|Any CPU
		{FE5F153F-A3AE-4A56-87A1-3175B7294314}.Debug|Any CPU.Build.0 = Debug|Any CPU
		{FE5F153F-A3AE-4A56-87A1-3175B7294314}.Release|Any CPU.ActiveCfg = Release|Any CPU
		{FE5F153F-A3AE-4A56-87A1-3175B7294314}.Release|Any CPU.Build.0 = Release|Any CPU
	EndGlobalSection
	GlobalSection(SolutionProperties) = preSolution
		HideSolutionNode = FALSE
	EndGlobalSection
	GlobalSection(ExtensibilityGlobals) = postSolution
		SolutionGuid = {F55CCAA8-A5DB-4182-9A3C-3CAB9656E91B}
	EndGlobalSection
EndGlobal
